GEM
  remote: https://rubygems.org/
  specs:
    logger (1.7.0)
    nio4r (2.7.5)
    nokogiri (1.19.4-x86_64-linux-gnu)
      racc (~> 1.4)
    puma (8.0.2)
      nio4r (~> 2.0)
    racc (1.8.1)
    rack (3.2.6)
    rack-cors (3.0.0)
      logger
      rack (>= 3.0.14)
    roda (3.106.0)
      rack

PLATFORMS
  x86_64-linux-gnu

DEPENDENCIES
  nokogiri
  puma
  rack-cors
  roda

CHECKSUMS
  logger (1.7.0) sha256=196edec7cc44b66cfb40f9755ce11b392f21f7967696af15d274dde7edff0203
  nio4r (2.7.5) sha256=6c90168e48fb5f8e768419c93abb94ba2b892a1d0602cb06eef16d8b7df1dca1
  nokogiri (1.19.4-x86_64-linux-gnu) sha256=379fae440b28915e3f19d752ce2dcf8465ed2b2fbefd2a7ca0dd497bc981a06a
  puma (8.0.2) sha256=c8ed871dfbbe66448ea9ffd46692342d9804d4071522b52b5331b7b6e7b686fb
  racc (1.8.1) sha256=4a7f6929691dbec8b5209a0b373bc2614882b55fc5d2e447a21aaa691303d62f
  rack (3.2.6) sha256=5ed78e1f73b2e25679bec7d45ee2d4483cc4146eb1be0264fc4d94cb5ef212c2
  rack-cors (3.0.0) sha256=7b95be61db39606906b61b83bd7203fa802b0ceaaad8fcb2fef39e097bf53f68
  roda (3.106.0) sha256=1a1cfb13c6690db158a3929e9c9ece88e697fb23b05baae63f07b0773e3bbade

BUNDLED WITH
  4.0.12
